
Microsoft Visual Studio Solution File, Format Version 12.00
# Visual Studio Version 17
VisualStudioVersion = 17.0.31912.275
MinimumVisualStudioVersion = 10.0.40219.1
Project("{FAE04EC0-301F-11D3-BF4B-00C04F79EFBC}") = "lab 16", "lab 16\lab 16.csproj", "{B540B299-DC7D-456A-BCCD-670EB6408102}"
EndProject
Project("{FAE04EC0-301F-11D3-BF4B-00C04F79EFBC}") = "lab16zadacha1", "lab16zadacha1\lab16zadacha1.csproj", "{61E0D593-84D7-4EBA-ABA7-08342B8DEB2E}"
EndProject
Project("{FAE04EC0-301F-11D3-BF4B-00C04F79EFBC}") = "lab16zadacha2", "lab16zadacha2\lab16zadacha2.csproj", "{B5BF1C86-9DD3-4B01-95C6-787E6938BD7D}"
EndProject
Global
	GlobalSection(SolutionConfigurationPlatforms) = preSolution
		Debug|Any CPU = Debug|Any CPU
		Release|Any CPU = Release|Any CPU
	EndGlobalSection
	GlobalSection(ProjectConfigurationPlatforms) = postSolution
		{B540B299-DC7D-456A-BCCD-670EB6408102}.Debug|Any CPU.ActiveCfg = Debug|Any CPU
		{B540B299-DC7D-456A-BCCD-670EB6408102}.Debug|Any CPU.Build.0 = Debug|Any CPU
		{B540B299-DC7D-456A-BCCD-670EB6408102}.Release|Any CPU.ActiveCfg = Release|Any CPU
		{B540B299-DC7D-456A-BCCD-670EB6408102}.Release|Any CPU.Build.0 = Release|Any CPU
		{61E0D593-84D7-4EBA-ABA7-08342B8DEB2E}.Debug|Any CPU.ActiveCfg = Debug|Any CPU
		{61E0D593-84D7-4EBA-ABA7-08342B8DEB2E}.Debug|Any CPU.Build.0 = Debug|Any CPU
		{61E0D593-84D7-4EBA-ABA7-08342B8DEB2E}.Release|Any CPU.ActiveCfg = Release|Any CPU
		{61E0D593-84D7-4EBA-ABA7-08342B8DEB2E}.Release|Any CPU.Build.0 = Release|Any CPU
		{B5BF1C86-9DD3-4B01-95C6-787E6938BD7D}.Debug|Any CPU.ActiveCfg = Debug|Any CPU
		{B5BF1C86-9DD3-4B01-95C6-787E6938BD7D}.Debug|Any CPU.Build.0 = Debug|Any CPU
		{B5BF1C86-9DD3-4B01-95C6-787E6938BD7D}.Release|Any CPU.ActiveCfg = Release|Any CPU
		{B5BF1C86-9DD3-4B01-95C6-787E6938BD7D}.Release|Any CPU.Build.0 = Release|Any CPU
	EndGlobalSection
	GlobalSection(SolutionProperties) = preSolution
		HideSolutionNode = FALSE
	EndGlobalSection
	GlobalSection(ExtensibilityGlobals) = postSolution
		SolutionGuid = {473A8A51-45DD-46A7-8C42-9B073DC80898}
	EndGlobalSection
EndGlobal
